# THIS IS AN AUTOGENERATED FILE. DO NOT EDIT THIS FILE DIRECTLY.
# yarn lockfile v1


global-dirs@^0.1.0:
  version "0.1.1"
  resolved "https://registry.npm.taobao.org/global-dirs/download/global-dirs-0.1.1.tgz?cache=0&sync_timestamp=1610454711494&other_urls=https%3A%2F%2Fregistry.npm.taobao.org%2Fglobal-dirs%2Fdownload%2Fglobal-dirs-0.1.1.tgz#b319c0dd4607f353f3be9cca4c72fc148c49f445"
  integrity sha1-sxnA3UYH81PzvpzKTHL8FIxJ9EU=
  dependencies:
    ini "^1.3.4"

import-global@^0.1.0:
  version "0.1.0"
  resolved "https://registry.npm.taobao.org/import-global/download/import-global-0.1.0.tgz#97b38fd444114eec16824a935f8da575b57aa1ce"
  integrity sha1-l7OP1EQRTuwWgkqTX42ldbV6oc4=
  dependencies:
    global-dirs "^0.1.0"

ini@^1.3.4:
  version "1.3.8"
  resolved "https://registry.nlark.com/ini/download/ini-1.3.8.tgz#a29da425b48806f34767a4efce397269af28432c"
  integrity sha1-op2kJbSIBvNHZ6Tvzjlyaa8oQyw=
